
Microsoft Visual Studio Solution File, Format Version 12.00
# Visual Studio Version 17
VisualStudioVersion = 17.7.34031.279
MinimumVisualStudioVersion = 10.0.40219.1
Project("{F184B08F-C81C-45F6-A57F-5ABD9991F28F}") = "StudentYearLevel", "StudentYearLevel\StudentYearLevel.vbproj", "{8FCCB8D3-E0FB-4653-82BF-F8DE77788E4B}"
EndProject
Global
	GlobalSection(SolutionConfigurationPlatforms) = preSolution
		Debug|Any CPU = Debug|Any CPU
		Release|Any CPU = Release|Any CPU
	EndGlobalSection
	GlobalSection(ProjectConfigurationPlatforms) = postSolution
		{8FCCB8D3-E0FB-4653-82BF-F8DE77788E4B}.Debug|Any CPU.ActiveCfg = Debug|Any CPU
		{8FCCB8D3-E0FB-4653-82BF-F8DE77788E4B}.Debug|Any CPU.Build.0 = Debug|Any CPU
		{8FCCB8D3-E0FB-4653-82BF-F8DE77788E4B}.Release|Any CPU.ActiveCfg = Release|Any CPU
		{8FCCB8D3-E0FB-4653-82BF-F8DE77788E4B}.Release|Any CPU.Build.0 = Release|Any CPU
	EndGlobalSection
	GlobalSection(SolutionProperties) = preSolution
		HideSolutionNode = FALSE
	EndGlobalSection
	GlobalSection(ExtensibilityGlobals) = postSolution
		SolutionGuid = {3DDD5BCE-60B5-4E99-814A-927AC541EEB1}
	EndGlobalSection
EndGlobal
