
Microsoft Visual Studio Solution File, Format Version 12.00
# Visual Studio Version 17
VisualStudioVersion = 17.6.33829.357
MinimumVisualStudioVersion = 10.0.40219.1
Project("{F184B08F-C81C-45F6-A57F-5ABD9991F28F}") = "CandiesPOS", "CandiesPOS\CandiesPOS.vbproj", "{6B837BE8-1165-4DC2-A8D6-7C5F5B411E70}"
EndProject
Global
	GlobalSection(SolutionConfigurationPlatforms) = preSolution
		Debug|Any CPU = Debug|Any CPU
		Release|Any CPU = Release|Any CPU
	EndGlobalSection
	GlobalSection(ProjectConfigurationPlatforms) = postSolution
		{6B837BE8-1165-4DC2-A8D6-7C5F5B411E70}.Debug|Any CPU.ActiveCfg = Debug|Any CPU
		{6B837BE8-1165-4DC2-A8D6-7C5F5B411E70}.Debug|Any CPU.Build.0 = Debug|Any CPU
		{6B837BE8-1165-4DC2-A8D6-7C5F5B411E70}.Release|Any CPU.ActiveCfg = Release|Any CPU
		{6B837BE8-1165-4DC2-A8D6-7C5F5B411E70}.Release|Any CPU.Build.0 = Release|Any CPU
	EndGlobalSection
	GlobalSection(SolutionProperties) = preSolution
		HideSolutionNode = FALSE
	EndGlobalSection
	GlobalSection(ExtensibilityGlobals) = postSolution
		SolutionGuid = {EB5165C6-E288-4075-A4F7-0F5F5EE64E1B}
	EndGlobalSection
EndGlobal
