
Microsoft Visual Studio Solution File, Format Version 12.00
# Visual Studio Version 17
VisualStudioVersion = 17.7.34031.279
MinimumVisualStudioVersion = 10.0.40219.1
Project("{F184B08F-C81C-45F6-A57F-5ABD9991F28F}") = "Triangles", "Triangles\Triangles.vbproj", "{491E8771-C332-4618-A84B-F8EB0B701E75}"
EndProject
Global
	GlobalSection(SolutionConfigurationPlatforms) = preSolution
		Debug|Any CPU = Debug|Any CPU
		Release|Any CPU = Release|Any CPU
	EndGlobalSection
	GlobalSection(ProjectConfigurationPlatforms) = postSolution
		{491E8771-C332-4618-A84B-F8EB0B701E75}.Debug|Any CPU.ActiveCfg = Debug|Any CPU
		{491E8771-C332-4618-A84B-F8EB0B701E75}.Debug|Any CPU.Build.0 = Debug|Any CPU
		{491E8771-C332-4618-A84B-F8EB0B701E75}.Release|Any CPU.ActiveCfg = Release|Any CPU
		{491E8771-C332-4618-A84B-F8EB0B701E75}.Release|Any CPU.Build.0 = Release|Any CPU
	EndGlobalSection
	GlobalSection(SolutionProperties) = preSolution
		HideSolutionNode = FALSE
	EndGlobalSection
	GlobalSection(ExtensibilityGlobals) = postSolution
		SolutionGuid = {8F642D5F-5FF9-4202-AF5B-3F401D49FEE5}
	EndGlobalSection
EndGlobal
