
Microsoft Visual Studio Solution File, Format Version 12.00
# Visual Studio Version 17
VisualStudioVersion = 17.7.34031.279
MinimumVisualStudioVersion = 10.0.40219.1
Project("{F184B08F-C81C-45F6-A57F-5ABD9991F28F}") = "NameRepeat", "NameRepeat\NameRepeat.vbproj", "{EB7417F4-ACC3-49DB-A793-6DBF0E38A07D}"
EndProject
Global
	GlobalSection(SolutionConfigurationPlatforms) = preSolution
		Debug|Any CPU = Debug|Any CPU
		Release|Any CPU = Release|Any CPU
	EndGlobalSection
	GlobalSection(ProjectConfigurationPlatforms) = postSolution
		{EB7417F4-ACC3-49DB-A793-6DBF0E38A07D}.Debug|Any CPU.ActiveCfg = Debug|Any CPU
		{EB7417F4-ACC3-49DB-A793-6DBF0E38A07D}.Debug|Any CPU.Build.0 = Debug|Any CPU
		{EB7417F4-ACC3-49DB-A793-6DBF0E38A07D}.Release|Any CPU.ActiveCfg = Release|Any CPU
		{EB7417F4-ACC3-49DB-A793-6DBF0E38A07D}.Release|Any CPU.Build.0 = Release|Any CPU
	EndGlobalSection
	GlobalSection(SolutionProperties) = preSolution
		HideSolutionNode = FALSE
	EndGlobalSection
	GlobalSection(ExtensibilityGlobals) = postSolution
		SolutionGuid = {50AF8FEA-DE76-4468-97D8-484AA6AC2B73}
	EndGlobalSection
EndGlobal
