
Microsoft Visual Studio Solution File, Format Version 12.00
# Visual Studio Version 17
VisualStudioVersion = 17.7.34031.279
MinimumVisualStudioVersion = 10.0.40219.1
Project("{F184B08F-C81C-45F6-A57F-5ABD9991F28F}") = "MultiplicationTables", "MultiplicationTables\MultiplicationTables.vbproj", "{E2EF22DB-2496-423F-98B1-3DEBEBF112E2}"
EndProject
Global
	GlobalSection(SolutionConfigurationPlatforms) = preSolution
		Debug|Any CPU = Debug|Any CPU
		Release|Any CPU = Release|Any CPU
	EndGlobalSection
	GlobalSection(ProjectConfigurationPlatforms) = postSolution
		{E2EF22DB-2496-423F-98B1-3DEBEBF112E2}.Debug|Any CPU.ActiveCfg = Debug|Any CPU
		{E2EF22DB-2496-423F-98B1-3DEBEBF112E2}.Debug|Any CPU.Build.0 = Debug|Any CPU
		{E2EF22DB-2496-423F-98B1-3DEBEBF112E2}.Release|Any CPU.ActiveCfg = Release|Any CPU
		{E2EF22DB-2496-423F-98B1-3DEBEBF112E2}.Release|Any CPU.Build.0 = Release|Any CPU
	EndGlobalSection
	GlobalSection(SolutionProperties) = preSolution
		HideSolutionNode = FALSE
	EndGlobalSection
	GlobalSection(ExtensibilityGlobals) = postSolution
		SolutionGuid = {B376A6ED-AB92-4C25-BBE6-590BBE895B51}
	EndGlobalSection
EndGlobal
